// !$*UTF8*$!
{
	archiveVersion = 1;
	classes = {
	};
	objectVersion = 46;
	objects = {

/* Begin PBXBuildFile section */
		1DD03AE61A34261700530E65 /* main.m in Sources */ = {isa = PBXBuildFile; fileRef = 1DD03AE51A34261700530E65 /* main.m */; };
		1DD03AE91A34261700530E65 /* AppDelegate.m in Sources */ = {isa = PBXBuildFile; fileRef = 1DD03AE81A34261700530E65 /* AppDelegate.m */; };
		1DD03AEC1A34261700530E65 /* ViewController.m in Sources */ = {isa = PBXBuildFile; fileRef = 1DD03AEB1A34261700530E65 /* ViewController.m */; };
		1DD03AEF1A34261700530E65 /* Main.storyboard in Resources */ = {isa = PBXBuildFile; fileRef = 1DD03AED1A34261700530E65 /* Main.storyboard */; };
		1DD03AF11A34261700530E65 /* Images.xcassets in Resources */ = {isa = PBXBuildFile; fileRef = 1DD03AF01A34261700530E65 /* Images.xcassets */; };
		1DD03AF41A34261700530E65 /* LaunchScreen.xib in Resources */ = {isa = PBXBuildFile; fileRef = 1DD03AF21A34261700530E65 /* LaunchScreen.xib */; };
		1DD03B001A34261700530E65 /* _1_________Tests.m in Sources */ = {isa = PBXBuildFile; fileRef = 1DD03AFF1A34261700530E65 /* _1_________Tests.m */; };
/* End PBXBuildFile section */

/* Begin PBXContainerItemProxy section */
		1DD03AFA1A34261700530E65 /* PBXContainerItemProxy */ = {
			isa = PBXContainerItemProxy;
			containerPortal = 1DD03AD81A34261700530E65 /* Project object */;
			proxyType = 1;
			remoteGlobalIDString = 1DD03ADF1A34261700530E65;
			remoteInfo = "11 - 喜马拉雅听书";
		};
/* End PBXContainerItemProxy section */

/* Begin PBXFileReference section */
		1DD03AE01A34261700530E65 /* 11 - 喜马拉雅听书.app */ = {isa = PBXFileReference; explicitFileType = wrapper.application; includeInIndex = 0; path = "11 - 喜马拉雅听书.app"; sourceTree = BUILT_PRODUCTS_DIR; };
		1DD03AE41A34261700530E65 /* Info.plist */ = {isa = PBXFileReference; lastKnownFileType = text.plist.xml; path = Info.plist; sourceTree = "<group>"; };
		1DD03AE51A34261700530E65 /* main.m */ = {isa = PBXFileReference; lastKnownFileType = sourcecode.c.objc; path = main.m; sourceTree = "<group>"; };
		1DD03AE71A34261700530E65 /* AppDelegate.h */ = {isa = PBXFileReference; lastKnownFileType = sourcecode.c.h; path = AppDelegate.h; sourceTree = "<group>"; };
		1DD03AE81A34261700530E65 /* AppDelegate.m */ = {isa = PBXFileReference; lastKnownFileType = sourcecode.c.objc; path = AppDelegate.m; sourceTree = "<group>"; };
		1DD03AEA1A34261700530E65 /* ViewController.h */ = {isa = PBXFileReference; lastKnownFileType = sourcecode.c.h; path = ViewController.h; sourceTree = "<group>"; };
		1DD03AEB1A34261700530E65 /* ViewController.m */ = {isa = PBXFileReference; lastKnownFileType = sourcecode.c.objc; path = ViewController.m; sourceTree = "<group>"; };
		1DD03AEE1A34261700530E65 /* Base */ = {isa = PBXFileReference; lastKnownFileType = file.storyboard; name = Base; path = Base.lproj/Main.storyboard; sourceTree = "<group>"; };
		1DD03AF01A34261700530E65 /* Images.xcassets */ = {isa = PBXFileReference; lastKnownFileType = folder.assetcatalog; path = Images.xcassets; sourceTree = "<group>"; };
		1DD03AF31A34261700530E65 /* Base */ = {isa = PBXFileReference; lastKnownFileType = file.xib; name = Base; path = Base.lproj/LaunchScreen.xib; sourceTree = "<group>"; };
		1DD03AF91A34261700530E65 /* 11 - 喜马拉雅听书Tests.xctest */ = {isa = PBXFileReference; explicitFileType = wrapper.cfbundle; includeInIndex = 0; path = "11 - 喜马拉雅听书Tests.xctest"; sourceTree = BUILT_PRODUCTS_DIR; };
		1DD03AFE1A34261700530E65 /* Info.plist */ = {isa = PBXFileReference; lastKnownFileType = text.plist.xml; path = Info.plist; sourceTree = "<group>"; };
		1DD03AFF1A34261700530E65 /* _1_________Tests.m */ = {isa = PBXFileReference; lastKnownFileType = sourcecode.c.objc; path = "_1_________Tests.m"; sourceTree = "<group>"; };
/* End PBXFileReference section */

/* Begin PBXFrameworksBuildPhase section */
		1DD03ADD1A34261700530E65 /* Frameworks */ = {
			isa = PBXFrameworksBuildPhase;
			buildActionMask = 2147483647;
			files = (
			);
			runOnlyForDeploymentPostprocessing = 0;
		};
		1DD03AF61A34261700530E65 /* Frameworks */ = {
			isa = PBXFrameworksBuildPhase;
			buildActionMask = 2147483647;
			files = (
			);
			runOnlyForDeploymentPostprocessing = 0;
		};
/* End PBXFrameworksBuildPhase section */

/* Begin PBXGroup section */
		1DD03AD71A34261700530E65 = {
			isa = PBXGroup;
			children = (
				1DD03AE21A34261700530E65 /* 11 - 喜马拉雅听书 */,
				1DD03AFC1A34261700530E65 /* 11 - 喜马拉雅听书Tests */,
				1DD03AE11A34261700530E65 /* Products */,
			);
			sourceTree = "<group>";
		};
		1DD03AE11A34261700530E65 /* Products */ = {
			isa = PBXGroup;
			children = (
				1DD03AE01A34261700530E65 /* 11 - 喜马拉雅听书.app */,
				1DD03AF91A34261700530E65 /* 11 - 喜马拉雅听书Tests.xctest */,
			);
			name = Products;
			sourceTree = "<group>";
		};
		1DD03AE21A34261700530E65 /* 11 - 喜马拉雅听书 */ = {
			isa = PBXGroup;
			children = (
				1DD03AE71A34261700530E65 /* AppDelegate.h */,
				1DD03AE81A34261700530E65 /* AppDelegate.m */,
				1DD03AEA1A34261700530E65 /* ViewController.h */,
				1DD03AEB1A34261700530E65 /* ViewController.m */,
				1DD03AED1A34261700530E65 /* Main.storyboard */,
				1DD03AF01A34261700530E65 /* Images.xcassets */,
				1DD03AF21A34261700530E65 /* LaunchScreen.xib */,
				1DD03AE31A34261700530E65 /* Supporting Files */,
			);
			path = "11 - 喜马拉雅听书";
			sourceTree = "<group>";
		};
		1DD03AE31A34261700530E65 /* Supporting Files */ = {
			isa = PBXGroup;
			children = (
				1DD03AE41A34261700530E65 /* Info.plist */,
				1DD03AE51A34261700530E65 /* main.m */,
			);
			name = "Supporting Files";
			sourceTree = "<group>";
		};
		1DD03AFC1A34261700530E65 /* 11 - 喜马拉雅听书Tests */ = {
			isa = PBXGroup;
			children = (
				1DD03AFF1A34261700530E65 /* _1_________Tests.m */,
				1DD03AFD1A34261700530E65 /* Supporting Files */,
			);
			path = "11 - 喜马拉雅听书Tests";
			sourceTree = "<group>";
		};
		1DD03AFD1A34261700530E65 /* Supporting Files */ = {
			isa = PBXGroup;
			children = (
				1DD03AFE1A34261700530E65 /* Info.plist */,
			);
			name = "Supporting Files";
			sourceTree = "<group>";
		};
/* End PBXGroup section */

/* Begin PBXNativeTarget section */
		1DD03ADF1A34261700530E65 /* 11 - 喜马拉雅听书 */ = {
			isa = PBXNativeTarget;
			buildConfigurationList = 1DD03B031A34261700530E65 /* Build configuration list for PBXNativeTarget "11 - 喜马拉雅听书" */;
			buildPhases = (
				1DD03ADC1A34261700530E65 /* Sources */,
				1DD03ADD1A34261700530E65 /* Frameworks */,
				1DD03ADE1A34261700530E65 /* Resources */,
			);
			buildRules = (
			);
			dependencies = (
			);
			name = "11 - 喜马拉雅听书";
			productName = "11 - 喜马拉雅听书";
			productReference = 1DD03AE01A34261700530E65 /* 11 - 喜马拉雅听书.app */;
			productType = "com.apple.product-type.application";
		};
		1DD03AF81A34261700530E65 /* 11 - 喜马拉雅听书Tests */ = {
			isa = PBXNativeTarget;
			buildConfigurationList = 1DD03B061A34261700530E65 /* Build configuration list for PBXNativeTarget "11 - 喜马拉雅听书Tests" */;
			buildPhases = (
				1DD03AF51A34261700530E65 /* Sources */,
				1DD03AF61A34261700530E65 /* Frameworks */,
				1DD03AF71A34261700530E65 /* Resources */,
			);
			buildRules = (
			);
			dependencies = (
				1DD03AFB1A34261700530E65 /* PBXTargetDependency */,
			);
			name = "11 - 喜马拉雅听书Tests";
			productName = "11 - 喜马拉雅听书Tests";
			productReference = 1DD03AF91A34261700530E65 /* 11 - 喜马拉雅听书Tests.xctest */;
			productType = "com.apple.product-type.bundle.unit-test";
		};
/* End PBXNativeTarget section */

/* Begin PBXProject section */
		1DD03AD81A34261700530E65 /* Project object */ = {
			isa = PBXProject;
			attributes = {
				LastUpgradeCheck = 0600;
				ORGANIZATIONNAME = itheima;
				TargetAttributes = {
					1DD03ADF1A34261700530E65 = {
						CreatedOnToolsVersion = 6.0.1;
					};
					1DD03AF81A34261700530E65 = {
						CreatedOnToolsVersion = 6.0.1;
						TestTargetID = 1DD03ADF1A34261700530E65;
					};
				};
			};
			buildConfigurationList = 1DD03ADB1A34261700530E65 /* Build configuration list for PBXProject "11 - 喜马拉雅听书" */;
			compatibilityVersion = "Xcode 3.2";
			developmentRegion = English;
			hasScannedForEncodings = 0;
			knownRegions = (
				en,
				Base,
			);
			mainGroup = 1DD03AD71A34261700530E65;
			productRefGroup = 1DD03AE11A34261700530E65 /* Products */;
			projectDirPath = "";
			projectRoot = "";
			targets = (
				1DD03ADF1A34261700530E65 /* 11 - 喜马拉雅听书 */,
				1DD03AF81A34261700530E65 /* 11 - 喜马拉雅听书Tests */,
			);
		};
/* End PBXProject section */

/* Begin PBXResourcesBuildPhase section */
		1DD03ADE1A34261700530E65 /* Resources */ = {
			isa = PBXResourcesBuildPhase;
			buildActionMask = 2147483647;
			files = (
				1DD03AEF1A34261700530E65 /* Main.storyboard in Resources */,
				1DD03AF41A34261700530E65 /* LaunchScreen.xib in Resources */,
				1DD03AF11A34261700530E65 /* Images.xcassets in Resources */,
			);
			runOnlyForDeploymentPostprocessing = 0;
		};
		1DD03AF71A34261700530E65 /* Resources */ = {
			isa = PBXResourcesBuildPhase;
			buildActionMask = 2147483647;
			files = (
			);
			runOnlyForDeploymentPostprocessing = 0;
		};
/* End PBXResourcesBuildPhase section */

/* Begin PBXSourcesBuildPhase section */
		1DD03ADC1A34261700530E65 /* Sources */ = {
			isa = PBXSourcesBuildPhase;
			buildActionMask = 2147483647;
			files = (
				1DD03AEC1A34261700530E65 /* ViewController.m in Sources */,
				1DD03AE91A34261700530E65 /* AppDelegate.m in Sources */,
				1DD03AE61A34261700530E65 /* main.m in Sources */,
			);
			runOnlyForDeploymentPostprocessing = 0;
		};
		1DD03AF51A34261700530E65 /* Sources */ = {
			isa = PBXSourcesBuildPhase;
			buildActionMask = 2147483647;
			files = (
				1DD03B001A34261700530E65 /* _1_________Tests.m in Sources */,
			);
			runOnlyForDeploymentPostprocessing = 0;
		};
/* End PBXSourcesBuildPhase section */

/* Begin PBXTargetDependency section */
		1DD03AFB1A34261700530E65 /* PBXTargetDependency */ = {
			isa = PBXTargetDependency;
			target = 1DD03ADF1A34261700530E65 /* 11 - 喜马拉雅听书 */;
			targetProxy = 1DD03AFA1A34261700530E65 /* PBXContainerItemProxy */;
		};
/* End PBXTargetDependency section */

/* Begin PBXVariantGroup section */
		1DD03AED1A34261700530E65 /* Main.storyboard */ = {
			isa = PBXVariantGroup;
			children = (
				1DD03AEE1A34261700530E65 /* Base */,
			);
			name = Main.storyboard;
			sourceTree = "<group>";
		};
		1DD03AF21A34261700530E65 /* LaunchScreen.xib */ = {
			isa = PBXVariantGroup;
			children = (
				1DD03AF31A34261700530E65 /* Base */,
			);
			name = LaunchScreen.xib;
			sourceTree = "<group>";
		};
/* End PBXVariantGroup section */

/* Begin XCBuildConfiguration section */
		1DD03B011A34261700530E65 /* Debug */ = {
			isa = XCBuildConfiguration;
			buildSettings = {
				ALWAYS_SEARCH_USER_PATHS = NO;
				CLANG_CXX_LANGUAGE_STANDARD = "gnu++0x";
				CLANG_CXX_LIBRARY = "libc++";
				CLANG_ENABLE_MODULES = YES;
				CLANG_ENABLE_OBJC_ARC = YES;
				CLANG_WARN_BOOL_CONVERSION = YES;
				CLANG_WARN_CONSTANT_CONVERSION = YES;
				CLANG_WARN_DIRECT_OBJC_ISA_USAGE = YES_ERROR;
				CLANG_WARN_EMPTY_BODY = YES;
				CLANG_WARN_ENUM_CONVERSION = YES;
				CLANG_WARN_INT_CONVERSION = YES;
				CLANG_WARN_OBJC_ROOT_CLASS = YES_ERROR;
				CLANG_WARN_UNREACHABLE_CODE = YES;
				CLANG_WARN__DUPLICATE_METHOD_MATCH = YES;
				"CODE_SIGN_IDENTITY[sdk=iphoneos*]" = "iPhone Developer";
				COPY_PHASE_STRIP = NO;
				ENABLE_STRICT_OBJC_MSGSEND = YES;
				GCC_C_LANGUAGE_STANDARD = gnu99;
				GCC_DYNAMIC_NO_PIC = NO;
				GCC_OPTIMIZATION_LEVEL = 0;
				GCC_PREPROCESSOR_DEFINITIONS = (
					"DEBUG=1",
					"$(inherited)",
				);
				GCC_SYMBOLS_PRIVATE_EXTERN = NO;
				GCC_WARN_64_TO_32_BIT_CONVERSION = YES;
				GCC_WARN_ABOUT_RETURN_TYPE = YES_ERROR;
				GCC_WARN_UNDECLARED_SELECTOR = YES;
				GCC_WARN_UNINITIALIZED_AUTOS = YES_AGGRESSIVE;
				GCC_WARN_UNUSED_FUNCTION = YES;
				GCC_WARN_UNUSED_VARIABLE = YES;
				IPHONEOS_DEPLOYMENT_TARGET = 8.0;
				MTL_ENABLE_DEBUG_INFO = YES;
				ONLY_ACTIVE_ARCH = YES;
				SDKROOT = iphoneos;
			};
			name = Debug;
		};
		1DD03B021A34261700530E65 /* Release */ = {
			isa = XCBuildConfiguration;
			buildSettings = {
				ALWAYS_SEARCH_USER_PATHS = NO;
				CLANG_CXX_LANGUAGE_STANDARD = "gnu++0x";
				CLANG_CXX_LIBRARY = "libc++";
				CLANG_ENABLE_MODULES = YES;
				CLANG_ENABLE_OBJC_ARC = YES;
				CLANG_WARN_BOOL_CONVERSION = YES;
				CLANG_WARN_CONSTANT_CONVERSION = YES;
				CLANG_WARN_DIRECT_OBJC_ISA_USAGE = YES_ERROR;
				CLANG_WARN_EMPTY_BODY = YES;
				CLANG_WARN_ENUM_CONVERSION = YES;
				CLANG_WARN_INT_CONVERSION = YES;
				CLANG_WARN_OBJC_ROOT_CLASS = YES_ERROR;
				CLANG_WARN_UNREACHABLE_CODE = YES;
				CLANG_WARN__DUPLICATE_METHOD_MATCH = YES;
				"CODE_SIGN_IDENTITY[sdk=iphoneos*]" = "iPhone Developer";
				COPY_PHASE_STRIP = YES;
				ENABLE_NS_ASSERTIONS = NO;
				ENABLE_STRICT_OBJC_MSGSEND = YES;
				GCC_C_LANGUAGE_STANDARD = gnu99;
				GCC_WARN_64_TO_32_BIT_CONVERSION = YES;
				GCC_WARN_ABOUT_RETURN_TYPE = YES_ERROR;
				GCC_WARN_UNDECLARED_SELECTOR = YES;
				GCC_WARN_UNINITIALIZED_AUTOS = YES_AGGRESSIVE;
				GCC_WARN_UNUSED_FUNCTION = YES;
				GCC_WARN_UNUSED_VARIABLE = YES;
				IPHONEOS_DEPLOYMENT_TARGET = 8.0;
				MTL_ENABLE_DEBUG_INFO = NO;
				SDKROOT = iphoneos;
				VALIDATE_PRODUCT = YES;
			};
			name = Release;
		};
		1DD03B041A34261700530E65 /* Debug */ = {
			isa = XCBuildConfiguration;
			buildSettings = {
				ASSETCATALOG_COMPILER_APPICON_NAME = AppIcon;
				ASSETCATALOG_COMPILER_LAUNCHIMAGE_NAME = LaunchImage;
				INFOPLIST_FILE = "11 - 喜马拉雅听书/Info.plist";
				LD_RUNPATH_SEARCH_PATHS = "$(inherited) @executable_path/Frameworks";
				PRODUCT_NAME = "$(TARGET_NAME)";
			};
			name = Debug;
		};
		1DD03B051A34261700530E65 /* Release */ = {
			isa = XCBuildConfiguration;
			buildSettings = {
				ASSETCATALOG_COMPILER_APPICON_NAME = AppIcon;
				ASSETCATALOG_COMPILER_LAUNCHIMAGE_NAME = LaunchImage;
				INFOPLIST_FILE = "11 - 喜马拉雅听书/Info.plist";
				LD_RUNPATH_SEARCH_PATHS = "$(inherited) @executable_path/Frameworks";
				PRODUCT_NAME = "$(TARGET_NAME)";
			};
			name = Release;
		};
		1DD03B071A34261700530E65 /* Debug */ = {
			isa = XCBuildConfiguration;
			buildSettings = {
				BUNDLE_LOADER = "$(TEST_HOST)";
				FRAMEWORK_SEARCH_PATHS = (
					"$(SDKROOT)/Developer/Library/Frameworks",
					"$(inherited)",
				);
				GCC_PREPROCESSOR_DEFINITIONS = (
					"DEBUG=1",
					"$(inherited)",
				);
				INFOPLIST_FILE = "11 - 喜马拉雅听书Tests/Info.plist";
				LD_RUNPATH_SEARCH_PATHS = "$(inherited) @executable_path/Frameworks @loader_path/Frameworks";
				PRODUCT_NAME = "$(TARGET_NAME)";
				TEST_HOST = "$(BUILT_PRODUCTS_DIR)/11 - 喜马拉雅听书.app/11 - 喜马拉雅听书";
			};
			name = Debug;
		};
		1DD03B081A34261700530E65 /* Release */ = {
			isa = XCBuildConfiguration;
			buildSettings = {
				BUNDLE_LOADER = "$(TEST_HOST)";
				FRAMEWORK_SEARCH_PATHS = (
					"$(SDKROOT)/Developer/Library/Frameworks",
					"$(inherited)",
				);
				INFOPLIST_FILE = "11 - 喜马拉雅听书Tests/Info.plist";
				LD_RUNPATH_SEARCH_PATHS = "$(inherited) @executable_path/Frameworks @loader_path/Frameworks";
				PRODUCT_NAME = "$(TARGET_NAME)";
				TEST_HOST = "$(BUILT_PRODUCTS_DIR)/11 - 喜马拉雅听书.app/11 - 喜马拉雅听书";
			};
			name = Release;
		};
/* End XCBuildConfiguration section */

/* Begin XCConfigurationList section */
		1DD03ADB1A34261700530E65 /* Build configuration list for PBXProject "11 - 喜马拉雅听书" */ = {
			isa = XCConfigurationList;
			buildConfigurations = (
				1DD03B011A34261700530E65 /* Debug */,
				1DD03B021A34261700530E65 /* Release */,
			);
			defaultConfigurationIsVisible = 0;
			defaultConfigurationName = Release;
		};
		1DD03B031A34261700530E65 /* Build configuration list for PBXNativeTarget "11 - 喜马拉雅听书" */ = {
			isa = XCConfigurationList;
			buildConfigurations = (
				1DD03B041A34261700530E65 /* Debug */,
				1DD03B051A34261700530E65 /* Release */,
			);
			defaultConfigurationIsVisible = 0;
		};
		1DD03B061A34261700530E65 /* Build configuration list for PBXNativeTarget "11 - 喜马拉雅听书Tests" */ = {
			isa = XCConfigurationList;
			buildConfigurations = (
				1DD03B071A34261700530E65 /* Debug */,
				1DD03B081A34261700530E65 /* Release */,
			);
			defaultConfigurationIsVisible = 0;
		};
/* End XCConfigurationList section */
	};
	rootObject = 1DD03AD81A34261700530E65 /* Project object */;
}
